
Microsoft Visual Studio Solution File, Format Version 12.00
Project("{FAE04EC0-301F-11D3-BF4B-00C04F79EFBC}") = "LinqPractice", "LinqPractice.csproj", "{CDF48AC0-AA5F-43E9-927C-83CF9199CBE1}"
EndProject
Global
	GlobalSection(SolutionConfigurationPlatforms) = preSolution
		Debug|Any CPU = Debug|Any CPU
		Release|Any CPU = Release|Any CPU
	EndGlobalSection
	GlobalSection(ProjectConfigurationPlatforms) = postSolution
		{CDF48AC0-AA5F-43E9-927C-83CF9199CBE1}.Debug|Any CPU.ActiveCfg = Debug|Any CPU
		{CDF48AC0-AA5F-43E9-927C-83CF9199CBE1}.Debug|Any CPU.Build.0 = Debug|Any CPU
		{CDF48AC0-AA5F-43E9-927C-83CF9199CBE1}.Release|Any CPU.ActiveCfg = Release|Any CPU
		{CDF48AC0-AA5F-43E9-927C-83CF9199CBE1}.Release|Any CPU.Build.0 = Release|Any CPU
	EndGlobalSection
EndGlobal
